
Microsoft Visual Studio Solution File, Format Version 12.00
# Visual Studio Version 17
VisualStudioVersion = 17.8.34408.163
MinimumVisualStudioVersion = 10.0.40219.1
Project("{FAE04EC0-301F-11D3-BF4B-00C04F79EFBC}") = "EntityDemoAPI", "EntityDemoAPI\EntityDemoAPI.csproj", "{8BE00578-02CA-47B3-9D21-FE7FBACFB864}"
EndProject
Global
	GlobalSection(SolutionConfigurationPlatforms) = preSolution
		Debug|Any CPU = Debug|Any CPU
		Release|Any CPU = Release|Any CPU
	EndGlobalSection
	GlobalSection(ProjectConfigurationPlatforms) = postSolution
		{8BE00578-02CA-47B3-9D21-FE7FBACFB864}.Debug|Any CPU.ActiveCfg = Debug|Any CPU
		{8BE00578-02CA-47B3-9D21-FE7FBACFB864}.Debug|Any CPU.Build.0 = Debug|Any CPU
		{8BE00578-02CA-47B3-9D21-FE7FBACFB864}.Release|Any CPU.ActiveCfg = Release|Any CPU
		{8BE00578-02CA-47B3-9D21-FE7FBACFB864}.Release|Any CPU.Build.0 = Release|Any CPU
	EndGlobalSection
	GlobalSection(SolutionProperties) = preSolution
		HideSolutionNode = FALSE
	EndGlobalSection
	GlobalSection(ExtensibilityGlobals) = postSolution
		SolutionGuid = {7F54D82A-15B2-4DF9-B5B8-B20DC78E270C}
	EndGlobalSection
EndGlobal
